
Microsoft Visual Studio Solution File, Format Version 12.00
# Visual Studio Version 17
VisualStudioVersion = 17.10.35027.167
MinimumVisualStudioVersion = 10.0.40219.1
Project("{FAE04EC0-301F-11D3-BF4B-00C04F79EFBC}") = "LibraryPractice", "LibraryPractice\LibraryPractice.csproj", "{1EE97A3F-00A2-4295-A26B-C2BFBAFA3492}"
EndProject
Global
	GlobalSection(SolutionConfigurationPlatforms) = preSolution
		Debug|Any CPU = Debug|Any CPU
		Release|Any CPU = Release|Any CPU
	EndGlobalSection
	GlobalSection(ProjectConfigurationPlatforms) = postSolution
		{1EE97A3F-00A2-4295-A26B-C2BFBAFA3492}.Debug|Any CPU.ActiveCfg = Debug|Any CPU
		{1EE97A3F-00A2-4295-A26B-C2BFBAFA3492}.Debug|Any CPU.Build.0 = Debug|Any CPU
		{1EE97A3F-00A2-4295-A26B-C2BFBAFA3492}.Release|Any CPU.ActiveCfg = Release|Any CPU
		{1EE97A3F-00A2-4295-A26B-C2BFBAFA3492}.Release|Any CPU.Build.0 = Release|Any CPU
	EndGlobalSection
	GlobalSection(SolutionProperties) = preSolution
		HideSolutionNode = FALSE
	EndGlobalSection
	GlobalSection(ExtensibilityGlobals) = postSolution
		SolutionGuid = {DCF4C374-D434-4907-97F6-EE54A48BD138}
	EndGlobalSection
EndGlobal
